
Microsoft Visual Studio Solution File, Format Version 12.00
# Visual Studio 15
VisualStudioVersion = 15.0.27428.1
MinimumVisualStudioVersion = 10.0.40219.1
Project("{FAE04EC0-301F-11D3-BF4B-00C04F79EFBC}") = "DiStock", "DiStock\DiStock.csproj", "{98A5CBEA-7917-4C49-A25A-E8C699E9A735}"
EndProject
Global
	GlobalSection(SolutionConfigurationPlatforms) = preSolution
		Debug|Any CPU = Debug|Any CPU
		Release|Any CPU = Release|Any CPU
	EndGlobalSection
	GlobalSection(ProjectConfigurationPlatforms) = postSolution
		{98A5CBEA-7917-4C49-A25A-E8C699E9A735}.Debug|Any CPU.ActiveCfg = Debug|Any CPU
		{98A5CBEA-7917-4C49-A25A-E8C699E9A735}.Debug|Any CPU.Build.0 = Debug|Any CPU
		{98A5CBEA-7917-4C49-A25A-E8C699E9A735}.Release|Any CPU.ActiveCfg = Release|Any CPU
		{98A5CBEA-7917-4C49-A25A-E8C699E9A735}.Release|Any CPU.Build.0 = Release|Any CPU
	EndGlobalSection
	GlobalSection(SolutionProperties) = preSolution
		HideSolutionNode = FALSE
	EndGlobalSection
	GlobalSection(ExtensibilityGlobals) = postSolution
		SolutionGuid = {F1AAF7D7-9D31-4D11-9ABC-220A53D57D53}
	EndGlobalSection
EndGlobal
